
Microsoft Visual Studio Solution File, Format Version 12.00
# Visual Studio 14
VisualStudioVersion = 14.0.25420.1
MinimumVisualStudioVersion = 10.0.40219.1
Project("{FAE04EC0-301F-11D3-BF4B-00C04F79EFBC}") = "Application1", "Application1\Application1.csproj", "{91AA4E2B-D418-409B-8806-F5D567174D48}"
EndProject
Project("{FAE04EC0-301F-11D3-BF4B-00C04F79EFBC}") = "ClassLibrary1", "ClassLibrary1\ClassLibrary1.csproj", "{6B237CDA-E422-4740-A31E-E61900765BA7}"
EndProject
Global
	GlobalSection(SolutionConfigurationPlatforms) = preSolution
		Debug|Any CPU = Debug|Any CPU
		Release|Any CPU = Release|Any CPU
	EndGlobalSection
	GlobalSection(ProjectConfigurationPlatforms) = postSolution
		{91AA4E2B-D418-409B-8806-F5D567174D48}.Debug|Any CPU.ActiveCfg = Debug|Any CPU
		{91AA4E2B-D418-409B-8806-F5D567174D48}.Debug|Any CPU.Build.0 = Debug|Any CPU
		{91AA4E2B-D418-409B-8806-F5D567174D48}.Release|Any CPU.ActiveCfg = Release|Any CPU
		{91AA4E2B-D418-409B-8806-F5D567174D48}.Release|Any CPU.Build.0 = Release|Any CPU
		{6B237CDA-E422-4740-A31E-E61900765BA7}.Debug|Any CPU.ActiveCfg = Debug|Any CPU
		{6B237CDA-E422-4740-A31E-E61900765BA7}.Debug|Any CPU.Build.0 = Debug|Any CPU
		{6B237CDA-E422-4740-A31E-E61900765BA7}.Release|Any CPU.ActiveCfg = Release|Any CPU
		{6B237CDA-E422-4740-A31E-E61900765BA7}.Release|Any CPU.Build.0 = Release|Any CPU
	EndGlobalSection
	GlobalSection(SolutionProperties) = preSolution
		HideSolutionNode = FALSE
	EndGlobalSection
EndGlobal
